// !$*UTF8*$!
{
	archiveVersion = 1;
	classes = {
	};
	objectVersion = 52;
	objects = {

/* Begin PBXBuildFile section */
		841CB1FC25B4FF3D00D0B283 /* App.swift in Sources */ = {isa = PBXBuildFile; fileRef = 841CB1FB25B4FF3D00D0B283 /* App.swift */; };
		841CB20025B4FF3E00D0B283 /* Assets.xcassets in Resources */ = {isa = PBXBuildFile; fileRef = 841CB1FF25B4FF3E00D0B283 /* Assets.xcassets */; };
		841CB20325B4FF3E00D0B283 /* Preview Assets.xcassets in Resources */ = {isa = PBXBuildFile; fileRef = 841CB20225B4FF3E00D0B283 /* Preview Assets.xcassets */; };
		841CB21425B5054F00D0B283 /* HomeView.swift in Sources */ = {isa = PBXBuildFile; fileRef = 841CB21325B5054F00D0B283 /* HomeView.swift */; };
		841CB21925B5083E00D0B283 /* TreeListItem.swift in Sources */ = {isa = PBXBuildFile; fileRef = 841CB21825B5083E00D0B283 /* TreeListItem.swift */; };
		841CB23B25B50D6C00D0B283 /* Trees.geojson in Resources */ = {isa = PBXBuildFile; fileRef = 841CB23825B50B7700D0B283 /* Trees.geojson */; };
		841CB24A25B51F8E00D0B283 /* TreeDetailView.swift in Sources */ = {isa = PBXBuildFile; fileRef = 841CB24925B51F8E00D0B283 /* TreeDetailView.swift */; };
		841CB24F25B5205500D0B283 /* TreeViewModel.swift in Sources */ = {isa = PBXBuildFile; fileRef = 841CB24E25B5205500D0B283 /* TreeViewModel.swift */; };
		843B283D25BA71A600032BAA /* TreeListView.swift in Sources */ = {isa = PBXBuildFile; fileRef = 843B283C25BA71A600032BAA /* TreeListView.swift */; };
		843B284625BB1C5700032BAA /* ColorHelper.swift in Sources */ = {isa = PBXBuildFile; fileRef = 843B284525BB1C5700032BAA /* ColorHelper.swift */; };
		8447ADDB25B54C630045D247 /* TreeMapDetailView.swift in Sources */ = {isa = PBXBuildFile; fileRef = 8447ADDA25B54C630045D247 /* TreeMapDetailView.swift */; };
		8447ADF125B5E4EC0045D247 /* TreeMapView.swift in Sources */ = {isa = PBXBuildFile; fileRef = 8447ADF025B5E4EC0045D247 /* TreeMapView.swift */; };
		8483BB3825E0148700C7396C /* TreeLocationRow.swift in Sources */ = {isa = PBXBuildFile; fileRef = 8483BB3725E0148700C7396C /* TreeLocationRow.swift */; };
		8483BB3B25E014FE00C7396C /* ToggleVisitedTreeButton.swift in Sources */ = {isa = PBXBuildFile; fileRef = 8483BB3A25E014FE00C7396C /* ToggleVisitedTreeButton.swift */; };
		8483BB5225E03E1A00C7396C /* VisitableTreeViewModel.swift in Sources */ = {isa = PBXBuildFile; fileRef = 8483BB5125E03E1A00C7396C /* VisitableTreeViewModel.swift */; };
		8488FAF725E0472F00914310 /* Library in Frameworks */ = {isa = PBXBuildFile; productRef = 8488FAF625E0472F00914310 /* Library */; };
		84BDFBD225BB5E9E00AAB247 /* SolidButton.swift in Sources */ = {isa = PBXBuildFile; fileRef = 84BDFBD125BB5E9E00AAB247 /* SolidButton.swift */; };
		84FAAE4B25E060C700AFE312 /* CLLocationCoordinate2DPortland.swift in Sources */ = {isa = PBXBuildFile; fileRef = 84FAAE4A25E060C700AFE312 /* CLLocationCoordinate2DPortland.swift */; };
		84FAAE6125E089A500AFE312 /* ColorsConfig.swift in Sources */ = {isa = PBXBuildFile; fileRef = 84FAAE6025E089A500AFE312 /* ColorsConfig.swift */; };
/* End PBXBuildFile section */

/* Begin PBXFileReference section */
		841CB1F825B4FF3D00D0B283 /* Heritage Trees.app */ = {isa = PBXFileReference; explicitFileType = wrapper.application; includeInIndex = 0; path = "Heritage Trees.app"; sourceTree = BUILT_PRODUCTS_DIR; };
		841CB1FB25B4FF3D00D0B283 /* App.swift */ = {isa = PBXFileReference; lastKnownFileType = sourcecode.swift; path = App.swift; sourceTree = "<group>"; };
		841CB1FF25B4FF3E00D0B283 /* Assets.xcassets */ = {isa = PBXFileReference; lastKnownFileType = folder.assetcatalog; path = Assets.xcassets; sourceTree = "<group>"; };
		841CB20225B4FF3E00D0B283 /* Preview Assets.xcassets */ = {isa = PBXFileReference; lastKnownFileType = folder.assetcatalog; path = "Preview Assets.xcassets"; sourceTree = "<group>"; };
		841CB20425B4FF3E00D0B283 /* Info.plist */ = {isa = PBXFileReference; lastKnownFileType = text.plist.xml; path = Info.plist; sourceTree = "<group>"; };
		841CB21325B5054F00D0B283 /* HomeView.swift */ = {isa = PBXFileReference; lastKnownFileType = sourcecode.swift; path = HomeView.swift; sourceTree = "<group>"; };
		841CB21825B5083E00D0B283 /* TreeListItem.swift */ = {isa = PBXFileReference; lastKnownFileType = sourcecode.swift; path = TreeListItem.swift; sourceTree = "<group>"; };
		841CB23825B50B7700D0B283 /* Trees.geojson */ = {isa = PBXFileReference; lastKnownFileType = text; path = Trees.geojson; sourceTree = "<group>"; };
		841CB24925B51F8E00D0B283 /* TreeDetailView.swift */ = {isa = PBXFileReference; lastKnownFileType = sourcecode.swift; path = TreeDetailView.swift; sourceTree = "<group>"; };
		841CB24E25B5205500D0B283 /* TreeViewModel.swift */ = {isa = PBXFileReference; lastKnownFileType = sourcecode.swift; path = TreeViewModel.swift; sourceTree = "<group>"; };
		843B283C25BA71A600032BAA /* TreeListView.swift */ = {isa = PBXFileReference; lastKnownFileType = sourcecode.swift; path = TreeListView.swift; sourceTree = "<group>"; };
		843B284525BB1C5700032BAA /* ColorHelper.swift */ = {isa = PBXFileReference; lastKnownFileType = sourcecode.swift; path = ColorHelper.swift; sourceTree = "<group>"; };
		8447ADDA25B54C630045D247 /* TreeMapDetailView.swift */ = {isa = PBXFileReference; lastKnownFileType = sourcecode.swift; path = TreeMapDetailView.swift; sourceTree = "<group>"; };
		8447ADF025B5E4EC0045D247 /* TreeMapView.swift */ = {isa = PBXFileReference; lastKnownFileType = sourcecode.swift; path = TreeMapView.swift; sourceTree = "<group>"; };
		8483BB3725E0148700C7396C /* TreeLocationRow.swift */ = {isa = PBXFileReference; lastKnownFileType = sourcecode.swift; path = TreeLocationRow.swift; sourceTree = "<group>"; };
		8483BB3A25E014FE00C7396C /* ToggleVisitedTreeButton.swift */ = {isa = PBXFileReference; lastKnownFileType = sourcecode.swift; path = ToggleVisitedTreeButton.swift; sourceTree = "<group>"; };
		8483BB5125E03E1A00C7396C /* VisitableTreeViewModel.swift */ = {isa = PBXFileReference; lastKnownFileType = sourcecode.swift; path = VisitableTreeViewModel.swift; sourceTree = "<group>"; };
		8488FAF225E046DB00914310 /* Library */ = {isa = PBXFileReference; lastKnownFileType = folder; path = Library; sourceTree = "<group>"; };
		84BDFBD125BB5E9E00AAB247 /* SolidButton.swift */ = {isa = PBXFileReference; lastKnownFileType = sourcecode.swift; path = SolidButton.swift; sourceTree = "<group>"; };
		84FAAE4A25E060C700AFE312 /* CLLocationCoordinate2DPortland.swift */ = {isa = PBXFileReference; lastKnownFileType = sourcecode.swift; path = CLLocationCoordinate2DPortland.swift; sourceTree = "<group>"; };
		84FAAE6025E089A500AFE312 /* ColorsConfig.swift */ = {isa = PBXFileReference; lastKnownFileType = sourcecode.swift; path = ColorsConfig.swift; sourceTree = "<group>"; };
/* End PBXFileReference section */

/* Begin PBXFrameworksBuildPhase section */
		841CB1F525B4FF3D00D0B283 /* Frameworks */ = {
			isa = PBXFrameworksBuildPhase;
			buildActionMask = 2147483647;
			files = (
				8488FAF725E0472F00914310 /* Library in Frameworks */,
			);
			runOnlyForDeploymentPostprocessing = 0;
		};
/* End PBXFrameworksBuildPhase section */

/* Begin PBXGroup section */
		841CB1EF25B4FF3D00D0B283 = {
			isa = PBXGroup;
			children = (
				841CB1FA25B4FF3D00D0B283 /* App */,
				8488FAF225E046DB00914310 /* Library */,
				841CB1F925B4FF3D00D0B283 /* Products */,
				8488FAF525E0472F00914310 /* Frameworks */,
			);
			sourceTree = "<group>";
		};
		841CB1F925B4FF3D00D0B283 /* Products */ = {
			isa = PBXGroup;
			children = (
				841CB1F825B4FF3D00D0B283 /* Heritage Trees.app */,
			);
			name = Products;
			sourceTree = "<group>";
		};
		841CB1FA25B4FF3D00D0B283 /* App */ = {
			isa = PBXGroup;
			children = (
				843B284825BB1C7100032BAA /* Appearance */,
				8483BB0B25DF6D9600C7396C /* Extensions */,
				841CB20125B4FF3E00D0B283 /* Preview Content */,
				8495157F25DB3EC4002E8DA0 /* Resources */,
				84BDFBD025BB5E9100AAB247 /* Styles */,
				8495158025DB3ECB002E8DA0 /* Supporting Files */,
				841CB23625B50AD800D0B283 /* View Models */,
				841CB23425B50AD000D0B283 /* Views */,
			);
			path = App;
			sourceTree = "<group>";
		};
		841CB20125B4FF3E00D0B283 /* Preview Content */ = {
			isa = PBXGroup;
			children = (
				841CB23825B50B7700D0B283 /* Trees.geojson */,
				841CB20225B4FF3E00D0B283 /* Preview Assets.xcassets */,
			);
			path = "Preview Content";
			sourceTree = "<group>";
		};
		841CB23425B50AD000D0B283 /* Views */ = {
			isa = PBXGroup;
			children = (
				841CB1FB25B4FF3D00D0B283 /* App.swift */,
				841CB21325B5054F00D0B283 /* HomeView.swift */,
				8483BB3A25E014FE00C7396C /* ToggleVisitedTreeButton.swift */,
				841CB24925B51F8E00D0B283 /* TreeDetailView.swift */,
				841CB21825B5083E00D0B283 /* TreeListItem.swift */,
				843B283C25BA71A600032BAA /* TreeListView.swift */,
				8483BB3725E0148700C7396C /* TreeLocationRow.swift */,
				8447ADDA25B54C630045D247 /* TreeMapDetailView.swift */,
				8447ADF025B5E4EC0045D247 /* TreeMapView.swift */,
			);
			path = Views;
			sourceTree = "<group>";
		};
		841CB23625B50AD800D0B283 /* View Models */ = {
			isa = PBXGroup;
			children = (
				841CB24E25B5205500D0B283 /* TreeViewModel.swift */,
				8483BB5125E03E1A00C7396C /* VisitableTreeViewModel.swift */,
			);
			path = "View Models";
			sourceTree = "<group>";
		};
		843B284825BB1C7100032BAA /* Appearance */ = {
			isa = PBXGroup;
			children = (
				843B284525BB1C5700032BAA /* ColorHelper.swift */,
			);
			path = Appearance;
			sourceTree = "<group>";
		};
		8483BB0B25DF6D9600C7396C /* Extensions */ = {
			isa = PBXGroup;
			children = (
				84FAAE4A25E060C700AFE312 /* CLLocationCoordinate2DPortland.swift */,
			);
			path = Extensions;
			sourceTree = "<group>";
		};
		8488FAF525E0472F00914310 /* Frameworks */ = {
			isa = PBXGroup;
			children = (
			);
			name = Frameworks;
			sourceTree = "<group>";
		};
		8495157F25DB3EC4002E8DA0 /* Resources */ = {
			isa = PBXGroup;
			children = (
				841CB1FF25B4FF3E00D0B283 /* Assets.xcassets */,
			);
			path = Resources;
			sourceTree = "<group>";
		};
		8495158025DB3ECB002E8DA0 /* Supporting Files */ = {
			isa = PBXGroup;
			children = (
				841CB20425B4FF3E00D0B283 /* Info.plist */,
			);
			path = "Supporting Files";
			sourceTree = "<group>";
		};
		84BDFBD025BB5E9100AAB247 /* Styles */ = {
			isa = PBXGroup;
			children = (
				84BDFBD125BB5E9E00AAB247 /* SolidButton.swift */,
				84FAAE6025E089A500AFE312 /* ColorsConfig.swift */,
			);
			path = Styles;
			sourceTree = "<group>";
		};
/* End PBXGroup section */

/* Begin PBXNativeTarget section */
		841CB1F725B4FF3D00D0B283 /* App */ = {
			isa = PBXNativeTarget;
			buildConfigurationList = 841CB20725B4FF3E00D0B283 /* Build configuration list for PBXNativeTarget "App" */;
			buildPhases = (
				841CB1F425B4FF3D00D0B283 /* Sources */,
				841CB1F525B4FF3D00D0B283 /* Frameworks */,
				841CB1F625B4FF3D00D0B283 /* Resources */,
			);
			buildRules = (
			);
			dependencies = (
			);
			name = App;
			packageProductDependencies = (
				8488FAF625E0472F00914310 /* Library */,
			);
			productName = "Portland Heritage Trees";
			productReference = 841CB1F825B4FF3D00D0B283 /* Heritage Trees.app */;
			productType = "com.apple.product-type.application";
		};
/* End PBXNativeTarget section */

/* Begin PBXProject section */
		841CB1F025B4FF3D00D0B283 /* Project object */ = {
			isa = PBXProject;
			attributes = {
				LastSwiftUpdateCheck = 1230;
				LastUpgradeCheck = 1230;
				TargetAttributes = {
					841CB1F725B4FF3D00D0B283 = {
						CreatedOnToolsVersion = 12.3;
					};
				};
			};
			buildConfigurationList = 841CB1F325B4FF3D00D0B283 /* Build configuration list for PBXProject "portland-heritage-trees" */;
			compatibilityVersion = "Xcode 9.3";
			developmentRegion = en;
			hasScannedForEncodings = 0;
			knownRegions = (
				en,
				Base,
			);
			mainGroup = 841CB1EF25B4FF3D00D0B283;
			productRefGroup = 841CB1F925B4FF3D00D0B283 /* Products */;
			projectDirPath = "";
			projectRoot = "";
			targets = (
				841CB1F725B4FF3D00D0B283 /* App */,
			);
		};
/* End PBXProject section */

/* Begin PBXResourcesBuildPhase section */
		841CB1F625B4FF3D00D0B283 /* Resources */ = {
			isa = PBXResourcesBuildPhase;
			buildActionMask = 2147483647;
			files = (
				841CB20325B4FF3E00D0B283 /* Preview Assets.xcassets in Resources */,
				841CB23B25B50D6C00D0B283 /* Trees.geojson in Resources */,
				841CB20025B4FF3E00D0B283 /* Assets.xcassets in Resources */,
			);
			runOnlyForDeploymentPostprocessing = 0;
		};
/* End PBXResourcesBuildPhase section */

/* Begin PBXSourcesBuildPhase section */
		841CB1F425B4FF3D00D0B283 /* Sources */ = {
			isa = PBXSourcesBuildPhase;
			buildActionMask = 2147483647;
			files = (
				841CB24F25B5205500D0B283 /* TreeViewModel.swift in Sources */,
				84BDFBD225BB5E9E00AAB247 /* SolidButton.swift in Sources */,
				8483BB5225E03E1A00C7396C /* VisitableTreeViewModel.swift in Sources */,
				8447ADDB25B54C630045D247 /* TreeMapDetailView.swift in Sources */,
				8447ADF125B5E4EC0045D247 /* TreeMapView.swift in Sources */,
				843B284625BB1C5700032BAA /* ColorHelper.swift in Sources */,
				84FAAE4B25E060C700AFE312 /* CLLocationCoordinate2DPortland.swift in Sources */,
				841CB21425B5054F00D0B283 /* HomeView.swift in Sources */,
				841CB21925B5083E00D0B283 /* TreeListItem.swift in Sources */,
				8483BB3B25E014FE00C7396C /* ToggleVisitedTreeButton.swift in Sources */,
				843B283D25BA71A600032BAA /* TreeListView.swift in Sources */,
				841CB1FC25B4FF3D00D0B283 /* App.swift in Sources */,
				841CB24A25B51F8E00D0B283 /* TreeDetailView.swift in Sources */,
				84FAAE6125E089A500AFE312 /* ColorsConfig.swift in Sources */,
				8483BB3825E0148700C7396C /* TreeLocationRow.swift in Sources */,
			);
			runOnlyForDeploymentPostprocessing = 0;
		};
/* End PBXSourcesBuildPhase section */

/* Begin XCBuildConfiguration section */
		841CB20525B4FF3E00D0B283 /* Debug */ = {
			isa = XCBuildConfiguration;
			buildSettings = {
				ALWAYS_SEARCH_USER_PATHS = NO;
				CLANG_ANALYZER_NONNULL = YES;
				CLANG_ANALYZER_NUMBER_OBJECT_CONVERSION = YES_AGGRESSIVE;
				CLANG_CXX_LANGUAGE_STANDARD = "gnu++14";
				CLANG_CXX_LIBRARY = "libc++";
				CLANG_ENABLE_MODULES = YES;
				CLANG_ENABLE_OBJC_ARC = YES;
				CLANG_ENABLE_OBJC_WEAK = YES;
				CLANG_WARN_BLOCK_CAPTURE_AUTORELEASING = YES;
				CLANG_WARN_BOOL_CONVERSION = YES;
				CLANG_WARN_COMMA = YES;
				CLANG_WARN_CONSTANT_CONVERSION = YES;
				CLANG_WARN_DEPRECATED_OBJC_IMPLEMENTATIONS = YES;
				CLANG_WARN_DIRECT_OBJC_ISA_USAGE = YES_ERROR;
				CLANG_WARN_DOCUMENTATION_COMMENTS = YES;
				CLANG_WARN_EMPTY_BODY = YES;
				CLANG_WARN_ENUM_CONVERSION = YES;
				CLANG_WARN_INFINITE_RECURSION = YES;
				CLANG_WARN_INT_CONVERSION = YES;
				CLANG_WARN_NON_LITERAL_NULL_CONVERSION = YES;
				CLANG_WARN_OBJC_IMPLICIT_RETAIN_SELF = YES;
				CLANG_WARN_OBJC_LITERAL_CONVERSION = YES;
				CLANG_WARN_OBJC_ROOT_CLASS = YES_ERROR;
				CLANG_WARN_QUOTED_INCLUDE_IN_FRAMEWORK_HEADER = YES;
				CLANG_WARN_RANGE_LOOP_ANALYSIS = YES;
				CLANG_WARN_STRICT_PROTOTYPES = YES;
				CLANG_WARN_SUSPICIOUS_MOVE = YES;
				CLANG_WARN_UNGUARDED_AVAILABILITY = YES_AGGRESSIVE;
				CLANG_WARN_UNREACHABLE_CODE = YES;
				CLANG_WARN__DUPLICATE_METHOD_MATCH = YES;
				COPY_PHASE_STRIP = NO;
				DEBUG_INFORMATION_FORMAT = dwarf;
				ENABLE_STRICT_OBJC_MSGSEND = YES;
				ENABLE_TESTABILITY = YES;
				GCC_C_LANGUAGE_STANDARD = gnu11;
				GCC_DYNAMIC_NO_PIC = NO;
				GCC_NO_COMMON_BLOCKS = YES;
				GCC_OPTIMIZATION_LEVEL = 0;
				GCC_PREPROCESSOR_DEFINITIONS = (
					"DEBUG=1",
					"$(inherited)",
				);
				GCC_WARN_64_TO_32_BIT_CONVERSION = YES;
				GCC_WARN_ABOUT_RETURN_TYPE = YES_ERROR;
				GCC_WARN_UNDECLARED_SELECTOR = YES;
				GCC_WARN_UNINITIALIZED_AUTOS = YES_AGGRESSIVE;
				GCC_WARN_UNUSED_FUNCTION = YES;
				GCC_WARN_UNUSED_VARIABLE = YES;
				IPHONEOS_DEPLOYMENT_TARGET = 14.3;
				MTL_ENABLE_DEBUG_INFO = INCLUDE_SOURCE;
				MTL_FAST_MATH = YES;
				ONLY_ACTIVE_ARCH = YES;
				SDKROOT = iphoneos;
				SWIFT_ACTIVE_COMPILATION_CONDITIONS = DEBUG;
				SWIFT_OPTIMIZATION_LEVEL = "-Onone";
			};
			name = Debug;
		};
		841CB20625B4FF3E00D0B283 /* Release */ = {
			isa = XCBuildConfiguration;
			buildSettings = {
				ALWAYS_SEARCH_USER_PATHS = NO;
				CLANG_ANALYZER_NONNULL = YES;
				CLANG_ANALYZER_NUMBER_OBJECT_CONVERSION = YES_AGGRESSIVE;
				CLANG_CXX_LANGUAGE_STANDARD = "gnu++14";
				CLANG_CXX_LIBRARY = "libc++";
				CLANG_ENABLE_MODULES = YES;
				CLANG_ENABLE_OBJC_ARC = YES;
				CLANG_ENABLE_OBJC_WEAK = YES;
				CLANG_WARN_BLOCK_CAPTURE_AUTORELEASING = YES;
				CLANG_WARN_BOOL_CONVERSION = YES;
				CLANG_WARN_COMMA = YES;
				CLANG_WARN_CONSTANT_CONVERSION = YES;
				CLANG_WARN_DEPRECATED_OBJC_IMPLEMENTATIONS = YES;
				CLANG_WARN_DIRECT_OBJC_ISA_USAGE = YES_ERROR;
				CLANG_WARN_DOCUMENTATION_COMMENTS = YES;
				CLANG_WARN_EMPTY_BODY = YES;
				CLANG_WARN_ENUM_CONVERSION = YES;
				CLANG_WARN_INFINITE_RECURSION = YES;
				CLANG_WARN_INT_CONVERSION = YES;
				CLANG_WARN_NON_LITERAL_NULL_CONVERSION = YES;
				CLANG_WARN_OBJC_IMPLICIT_RETAIN_SELF = YES;
				CLANG_WARN_OBJC_LITERAL_CONVERSION = YES;
				CLANG_WARN_OBJC_ROOT_CLASS = YES_ERROR;
				CLANG_WARN_QUOTED_INCLUDE_IN_FRAMEWORK_HEADER = YES;
				CLANG_WARN_RANGE_LOOP_ANALYSIS = YES;
				CLANG_WARN_STRICT_PROTOTYPES = YES;
				CLANG_WARN_SUSPICIOUS_MOVE = YES;
				CLANG_WARN_UNGUARDED_AVAILABILITY = YES_AGGRESSIVE;
				CLANG_WARN_UNREACHABLE_CODE = YES;
				CLANG_WARN__DUPLICATE_METHOD_MATCH = YES;
				COPY_PHASE_STRIP = NO;
				DEBUG_INFORMATION_FORMAT = "dwarf-with-dsym";
				ENABLE_NS_ASSERTIONS = NO;
				ENABLE_STRICT_OBJC_MSGSEND = YES;
				GCC_C_LANGUAGE_STANDARD = gnu11;
				GCC_NO_COMMON_BLOCKS = YES;
				GCC_WARN_64_TO_32_BIT_CONVERSION = YES;
				GCC_WARN_ABOUT_RETURN_TYPE = YES_ERROR;
				GCC_WARN_UNDECLARED_SELECTOR = YES;
				GCC_WARN_UNINITIALIZED_AUTOS = YES_AGGRESSIVE;
				GCC_WARN_UNUSED_FUNCTION = YES;
				GCC_WARN_UNUSED_VARIABLE = YES;
				IPHONEOS_DEPLOYMENT_TARGET = 14.3;
				MTL_ENABLE_DEBUG_INFO = NO;
				MTL_FAST_MATH = YES;
				SDKROOT = iphoneos;
				SWIFT_COMPILATION_MODE = wholemodule;
				SWIFT_OPTIMIZATION_LEVEL = "-O";
				VALIDATE_PRODUCT = YES;
			};
			name = Release;
		};
		841CB20825B4FF3E00D0B283 /* Debug */ = {
			isa = XCBuildConfiguration;
			buildSettings = {
				ASSETCATALOG_COMPILER_APPICON_NAME = AppIcon;
				ASSETCATALOG_COMPILER_GLOBAL_ACCENT_COLOR_NAME = AccentColor;
				CODE_SIGN_STYLE = Automatic;
				DEVELOPMENT_ASSET_PATHS = "\"App/Preview Content\"";
				DEVELOPMENT_TEAM = 6JS2VP4ATY;
				ENABLE_PREVIEWS = YES;
				INFOPLIST_FILE = "App/Supporting Files/Info.plist";
				IPHONEOS_DEPLOYMENT_TARGET = 14.0;
				LD_RUNPATH_SEARCH_PATHS = (
					"$(inherited)",
					"@executable_path/Frameworks",
				);
				PRODUCT_BUNDLE_IDENTIFIER = "com.masilotti.portland-heritage-trees";
				PRODUCT_NAME = "Heritage Trees";
				SWIFT_VERSION = 5.0;
				TARGETED_DEVICE_FAMILY = 1;
			};
			name = Debug;
		};
		841CB20925B4FF3E00D0B283 /* Release */ = {
			isa = XCBuildConfiguration;
			buildSettings = {
				ASSETCATALOG_COMPILER_APPICON_NAME = AppIcon;
				ASSETCATALOG_COMPILER_GLOBAL_ACCENT_COLOR_NAME = AccentColor;
				CODE_SIGN_IDENTITY = "Apple Development";
				CODE_SIGN_STYLE = Automatic;
				DEVELOPMENT_ASSET_PATHS = "\"App/Preview Content\"";
				DEVELOPMENT_TEAM = 6JS2VP4ATY;
				ENABLE_PREVIEWS = YES;
				INFOPLIST_FILE = "App/Supporting Files/Info.plist";
				IPHONEOS_DEPLOYMENT_TARGET = 14.0;
				LD_RUNPATH_SEARCH_PATHS = (
					"$(inherited)",
					"@executable_path/Frameworks",
				);
				PRODUCT_BUNDLE_IDENTIFIER = "com.masilotti.portland-heritage-trees";
				PRODUCT_NAME = "Heritage Trees";
				PROVISIONING_PROFILE_SPECIFIER = "";
				SWIFT_VERSION = 5.0;
				TARGETED_DEVICE_FAMILY = 1;
			};
			name = Release;
		};
/* End XCBuildConfiguration section */

/* Begin XCConfigurationList section */
		841CB1F325B4FF3D00D0B283 /* Build configuration list for PBXProject "portland-heritage-trees" */ = {
			isa = XCConfigurationList;
			buildConfigurations = (
				841CB20525B4FF3E00D0B283 /* Debug */,
				841CB20625B4FF3E00D0B283 /* Release */,
			);
			defaultConfigurationIsVisible = 0;
			defaultConfigurationName = Release;
		};
		841CB20725B4FF3E00D0B283 /* Build configuration list for PBXNativeTarget "App" */ = {
			isa = XCConfigurationList;
			buildConfigurations = (
				841CB20825B4FF3E00D0B283 /* Debug */,
				841CB20925B4FF3E00D0B283 /* Release */,
			);
			defaultConfigurationIsVisible = 0;
			defaultConfigurationName = Release;
		};
/* End XCConfigurationList section */

/* Begin XCSwiftPackageProductDependency section */
		8488FAF625E0472F00914310 /* Library */ = {
			isa = XCSwiftPackageProductDependency;
			productName = Library;
		};
/* End XCSwiftPackageProductDependency section */
	};
	rootObject = 841CB1F025B4FF3D00D0B283 /* Project object */;
}
