// !$*UTF8*$!
{
	archiveVersion = 1;
	classes = {
	};
	objectVersion = 50;
	objects = {

/* Begin PBXBuildFile section */
		841CB1FC25B4FF3D00D0B283 /* App.swift in Sources */ = {isa = PBXBuildFile; fileRef = 841CB1FB25B4FF3D00D0B283 /* App.swift */; };
		841CB20025B4FF3E00D0B283 /* Assets.xcassets in Resources */ = {isa = PBXBuildFile; fileRef = 841CB1FF25B4FF3E00D0B283 /* Assets.xcassets */; };
		841CB20325B4FF3E00D0B283 /* Preview Assets.xcassets in Resources */ = {isa = PBXBuildFile; fileRef = 841CB20225B4FF3E00D0B283 /* Preview Assets.xcassets */; };
		841CB20D25B4FFB900D0B283 /* APIService.swift in Sources */ = {isa = PBXBuildFile; fileRef = 841CB20C25B4FFB900D0B283 /* APIService.swift */; };
		841CB21425B5054F00D0B283 /* HomeView.swift in Sources */ = {isa = PBXBuildFile; fileRef = 841CB21325B5054F00D0B283 /* HomeView.swift */; };
		841CB21925B5083E00D0B283 /* TreeListItem.swift in Sources */ = {isa = PBXBuildFile; fileRef = 841CB21825B5083E00D0B283 /* TreeListItem.swift */; };
		841CB21C25B50A1200D0B283 /* RequestBuilder.swift in Sources */ = {isa = PBXBuildFile; fileRef = 841CB21B25B50A1200D0B283 /* RequestBuilder.swift */; };
		841CB21F25B50A1D00D0B283 /* APIError.swift in Sources */ = {isa = PBXBuildFile; fileRef = 841CB21E25B50A1D00D0B283 /* APIError.swift */; };
		841CB22225B50A3500D0B283 /* APISession.swift in Sources */ = {isa = PBXBuildFile; fileRef = 841CB22125B50A3500D0B283 /* APISession.swift */; };
		841CB22525B50A5000D0B283 /* OpenDataEndpoint.swift in Sources */ = {isa = PBXBuildFile; fileRef = 841CB22425B50A5000D0B283 /* OpenDataEndpoint.swift */; };
		841CB22925B50A7E00D0B283 /* OpenDataService.swift in Sources */ = {isa = PBXBuildFile; fileRef = 841CB22825B50A7E00D0B283 /* OpenDataService.swift */; };
		841CB22C25B50A9600D0B283 /* TreeListAPIResponse.swift in Sources */ = {isa = PBXBuildFile; fileRef = 841CB22B25B50A9600D0B283 /* TreeListAPIResponse.swift */; };
		841CB22F25B50AA900D0B283 /* Tree.swift in Sources */ = {isa = PBXBuildFile; fileRef = 841CB22E25B50AA800D0B283 /* Tree.swift */; };
		841CB23B25B50D6C00D0B283 /* Trees.geojson in Resources */ = {isa = PBXBuildFile; fileRef = 841CB23825B50B7700D0B283 /* Trees.geojson */; };
		841CB23E25B51E0E00D0B283 /* Environment.swift in Sources */ = {isa = PBXBuildFile; fileRef = 841CB23D25B51E0E00D0B283 /* Environment.swift */; };
		841CB24225B51E3400D0B283 /* LocalSession.swift in Sources */ = {isa = PBXBuildFile; fileRef = 841CB24125B51E3400D0B283 /* LocalSession.swift */; };
		841CB24A25B51F8E00D0B283 /* TreeDetailView.swift in Sources */ = {isa = PBXBuildFile; fileRef = 841CB24925B51F8E00D0B283 /* TreeDetailView.swift */; };
		841CB24F25B5205500D0B283 /* TreeViewModel.swift in Sources */ = {isa = PBXBuildFile; fileRef = 841CB24E25B5205500D0B283 /* TreeViewModel.swift */; };
		843B283D25BA71A600032BAA /* TreeListView.swift in Sources */ = {isa = PBXBuildFile; fileRef = 843B283C25BA71A600032BAA /* TreeListView.swift */; };
		843B284125BA827200032BAA /* Persistence.swift in Sources */ = {isa = PBXBuildFile; fileRef = 843B284025BA827200032BAA /* Persistence.swift */; };
		843B284625BB1C5700032BAA /* ColorHelper.swift in Sources */ = {isa = PBXBuildFile; fileRef = 843B284525BB1C5700032BAA /* ColorHelper.swift */; };
		8447ADDB25B54C630045D247 /* TreeMapDetailView.swift in Sources */ = {isa = PBXBuildFile; fileRef = 8447ADDA25B54C630045D247 /* TreeMapDetailView.swift */; };
		8447ADDF25B557FC0045D247 /* TreeDimensionsView.swift in Sources */ = {isa = PBXBuildFile; fileRef = 8447ADDE25B557FC0045D247 /* TreeDimensionsView.swift */; };
		8447ADE525B560E80045D247 /* SafariView.swift in Sources */ = {isa = PBXBuildFile; fileRef = 8447ADE425B560E80045D247 /* SafariView.swift */; };
		8447ADE825B561610045D247 /* NameView.swift in Sources */ = {isa = PBXBuildFile; fileRef = 8447ADE725B561610045D247 /* NameView.swift */; };
		8447ADEC25B565610045D247 /* WikipediaURL.swift in Sources */ = {isa = PBXBuildFile; fileRef = 8447ADEB25B565610045D247 /* WikipediaURL.swift */; };
		8447ADF125B5E4EC0045D247 /* TreeMapView.swift in Sources */ = {isa = PBXBuildFile; fileRef = 8447ADF025B5E4EC0045D247 /* TreeMapView.swift */; };
		8447ADF425B5E5F10045D247 /* CLLocationCoordinate2DPortland.swift in Sources */ = {isa = PBXBuildFile; fileRef = 8447ADF325B5E5F10045D247 /* CLLocationCoordinate2DPortland.swift */; };
		8447AE0125B63FCC0045D247 /* TreeAnnotation.swift in Sources */ = {isa = PBXBuildFile; fileRef = 8447AE0025B63FCC0045D247 /* TreeAnnotation.swift */; };
		8483BB0125DF6A1B00C7396C /* MapView.Coordinator.swift in Sources */ = {isa = PBXBuildFile; fileRef = 8483BAFF25DF6A1B00C7396C /* MapView.Coordinator.swift */; };
		8483BB0225DF6A1B00C7396C /* MapView.swift in Sources */ = {isa = PBXBuildFile; fileRef = 8483BB0025DF6A1B00C7396C /* MapView.swift */; };
		8483BB0725DF6A4B00C7396C /* Annotation.swift in Sources */ = {isa = PBXBuildFile; fileRef = 8483BB0625DF6A4B00C7396C /* Annotation.swift */; };
		8483BB0D25DF6D9E00C7396C /* Tree+Coordinate.swift in Sources */ = {isa = PBXBuildFile; fileRef = 8483BB0C25DF6D9E00C7396C /* Tree+Coordinate.swift */; };
		8483BB1B25E00A8300C7396C /* AttributeRow.swift in Sources */ = {isa = PBXBuildFile; fileRef = 8483BB1A25E00A8300C7396C /* AttributeRow.swift */; };
		8483BB1F25E00BCA00C7396C /* DimensionView.swift in Sources */ = {isa = PBXBuildFile; fileRef = 8483BB1E25E00BCA00C7396C /* DimensionView.swift */; };
		8483BB2525E00C2100C7396C /* Dimension.swift in Sources */ = {isa = PBXBuildFile; fileRef = 8483BB2425E00C2100C7396C /* Dimension.swift */; };
		8483BB2925E00CBF00C7396C /* DimensionGroup.swift in Sources */ = {isa = PBXBuildFile; fileRef = 8483BB2825E00CBF00C7396C /* DimensionGroup.swift */; };
		8483BB2D25E0100000C7396C /* View+Preview.swift in Sources */ = {isa = PBXBuildFile; fileRef = 8483BB2C25E0100000C7396C /* View+Preview.swift */; };
		8483BB3125E0114800C7396C /* SafariButton.swift in Sources */ = {isa = PBXBuildFile; fileRef = 8483BB3025E0114800C7396C /* SafariButton.swift */; };
		8483BB3425E012EB00C7396C /* URL+Example.swift in Sources */ = {isa = PBXBuildFile; fileRef = 8483BB3325E012EB00C7396C /* URL+Example.swift */; };
		8483BB3825E0148700C7396C /* TreeLocationRow.swift in Sources */ = {isa = PBXBuildFile; fileRef = 8483BB3725E0148700C7396C /* TreeLocationRow.swift */; };
		8483BB3B25E014FE00C7396C /* ToggleVisitedTreeButton.swift in Sources */ = {isa = PBXBuildFile; fileRef = 8483BB3A25E014FE00C7396C /* ToggleVisitedTreeButton.swift */; };
		8483BB4025E0185600C7396C /* TreeStore.swift in Sources */ = {isa = PBXBuildFile; fileRef = 8483BB3F25E0185600C7396C /* TreeStore.swift */; };
		8483BB4525E01D9400C7396C /* OpenDataTree.swift in Sources */ = {isa = PBXBuildFile; fileRef = 8483BB4425E01D9400C7396C /* OpenDataTree.swift */; };
		8483BB4825E01DBD00C7396C /* OpenDataTree+Tree.swift in Sources */ = {isa = PBXBuildFile; fileRef = 8483BB4725E01DBD00C7396C /* OpenDataTree+Tree.swift */; };
		8483BB5225E03E1A00C7396C /* VisitableTreeViewModel.swift in Sources */ = {isa = PBXBuildFile; fileRef = 8483BB5125E03E1A00C7396C /* VisitableTreeViewModel.swift */; };
		8495158325DB459D002E8DA0 /* PinAnnotationView.swift in Sources */ = {isa = PBXBuildFile; fileRef = 8495158225DB459D002E8DA0 /* PinAnnotationView.swift */; };
		84A4479C25BDCF5400DEA3B9 /* LocationManager.swift in Sources */ = {isa = PBXBuildFile; fileRef = 84A4479B25BDCF5400DEA3B9 /* LocationManager.swift */; };
		84BDFBD225BB5E9E00AAB247 /* SolidButton.swift in Sources */ = {isa = PBXBuildFile; fileRef = 84BDFBD125BB5E9E00AAB247 /* SolidButton.swift */; };
/* End PBXBuildFile section */

/* Begin PBXFileReference section */
		841CB1F825B4FF3D00D0B283 /* Heritage Trees.app */ = {isa = PBXFileReference; explicitFileType = wrapper.application; includeInIndex = 0; path = "Heritage Trees.app"; sourceTree = BUILT_PRODUCTS_DIR; };
		841CB1FB25B4FF3D00D0B283 /* App.swift */ = {isa = PBXFileReference; lastKnownFileType = sourcecode.swift; path = App.swift; sourceTree = "<group>"; };
		841CB1FF25B4FF3E00D0B283 /* Assets.xcassets */ = {isa = PBXFileReference; lastKnownFileType = folder.assetcatalog; path = Assets.xcassets; sourceTree = "<group>"; };
		841CB20225B4FF3E00D0B283 /* Preview Assets.xcassets */ = {isa = PBXFileReference; lastKnownFileType = folder.assetcatalog; path = "Preview Assets.xcassets"; sourceTree = "<group>"; };
		841CB20425B4FF3E00D0B283 /* Info.plist */ = {isa = PBXFileReference; lastKnownFileType = text.plist.xml; path = Info.plist; sourceTree = "<group>"; };
		841CB20C25B4FFB900D0B283 /* APIService.swift */ = {isa = PBXFileReference; lastKnownFileType = sourcecode.swift; path = APIService.swift; sourceTree = "<group>"; };
		841CB21325B5054F00D0B283 /* HomeView.swift */ = {isa = PBXFileReference; lastKnownFileType = sourcecode.swift; path = HomeView.swift; sourceTree = "<group>"; };
		841CB21825B5083E00D0B283 /* TreeListItem.swift */ = {isa = PBXFileReference; lastKnownFileType = sourcecode.swift; path = TreeListItem.swift; sourceTree = "<group>"; };
		841CB21B25B50A1200D0B283 /* RequestBuilder.swift */ = {isa = PBXFileReference; lastKnownFileType = sourcecode.swift; path = RequestBuilder.swift; sourceTree = "<group>"; };
		841CB21E25B50A1D00D0B283 /* APIError.swift */ = {isa = PBXFileReference; lastKnownFileType = sourcecode.swift; path = APIError.swift; sourceTree = "<group>"; };
		841CB22125B50A3500D0B283 /* APISession.swift */ = {isa = PBXFileReference; lastKnownFileType = sourcecode.swift; path = APISession.swift; sourceTree = "<group>"; };
		841CB22425B50A5000D0B283 /* OpenDataEndpoint.swift */ = {isa = PBXFileReference; lastKnownFileType = sourcecode.swift; path = OpenDataEndpoint.swift; sourceTree = "<group>"; };
		841CB22825B50A7E00D0B283 /* OpenDataService.swift */ = {isa = PBXFileReference; lastKnownFileType = sourcecode.swift; path = OpenDataService.swift; sourceTree = "<group>"; };
		841CB22B25B50A9600D0B283 /* TreeListAPIResponse.swift */ = {isa = PBXFileReference; lastKnownFileType = sourcecode.swift; path = TreeListAPIResponse.swift; sourceTree = "<group>"; };
		841CB22E25B50AA800D0B283 /* Tree.swift */ = {isa = PBXFileReference; lastKnownFileType = sourcecode.swift; path = Tree.swift; sourceTree = "<group>"; };
		841CB23825B50B7700D0B283 /* Trees.geojson */ = {isa = PBXFileReference; lastKnownFileType = text; path = Trees.geojson; sourceTree = "<group>"; };
		841CB23D25B51E0E00D0B283 /* Environment.swift */ = {isa = PBXFileReference; lastKnownFileType = sourcecode.swift; path = Environment.swift; sourceTree = "<group>"; };
		841CB24125B51E3400D0B283 /* LocalSession.swift */ = {isa = PBXFileReference; lastKnownFileType = sourcecode.swift; path = LocalSession.swift; sourceTree = "<group>"; };
		841CB24925B51F8E00D0B283 /* TreeDetailView.swift */ = {isa = PBXFileReference; lastKnownFileType = sourcecode.swift; path = TreeDetailView.swift; sourceTree = "<group>"; };
		841CB24E25B5205500D0B283 /* TreeViewModel.swift */ = {isa = PBXFileReference; lastKnownFileType = sourcecode.swift; path = TreeViewModel.swift; sourceTree = "<group>"; };
		843B283C25BA71A600032BAA /* TreeListView.swift */ = {isa = PBXFileReference; lastKnownFileType = sourcecode.swift; path = TreeListView.swift; sourceTree = "<group>"; };
		843B284025BA827200032BAA /* Persistence.swift */ = {isa = PBXFileReference; lastKnownFileType = sourcecode.swift; path = Persistence.swift; sourceTree = "<group>"; };
		843B284525BB1C5700032BAA /* ColorHelper.swift */ = {isa = PBXFileReference; lastKnownFileType = sourcecode.swift; path = ColorHelper.swift; sourceTree = "<group>"; };
		8447ADDA25B54C630045D247 /* TreeMapDetailView.swift */ = {isa = PBXFileReference; lastKnownFileType = sourcecode.swift; path = TreeMapDetailView.swift; sourceTree = "<group>"; };
		8447ADDE25B557FC0045D247 /* TreeDimensionsView.swift */ = {isa = PBXFileReference; lastKnownFileType = sourcecode.swift; path = TreeDimensionsView.swift; sourceTree = "<group>"; };
		8447ADE425B560E80045D247 /* SafariView.swift */ = {isa = PBXFileReference; lastKnownFileType = sourcecode.swift; path = SafariView.swift; sourceTree = "<group>"; };
		8447ADE725B561610045D247 /* NameView.swift */ = {isa = PBXFileReference; lastKnownFileType = sourcecode.swift; path = NameView.swift; sourceTree = "<group>"; };
		8447ADEB25B565610045D247 /* WikipediaURL.swift */ = {isa = PBXFileReference; lastKnownFileType = sourcecode.swift; path = WikipediaURL.swift; sourceTree = "<group>"; };
		8447ADF025B5E4EC0045D247 /* TreeMapView.swift */ = {isa = PBXFileReference; lastKnownFileType = sourcecode.swift; path = TreeMapView.swift; sourceTree = "<group>"; };
		8447ADF325B5E5F10045D247 /* CLLocationCoordinate2DPortland.swift */ = {isa = PBXFileReference; lastKnownFileType = sourcecode.swift; path = CLLocationCoordinate2DPortland.swift; sourceTree = "<group>"; };
		8447AE0025B63FCC0045D247 /* TreeAnnotation.swift */ = {isa = PBXFileReference; lastKnownFileType = sourcecode.swift; path = TreeAnnotation.swift; sourceTree = "<group>"; };
		8483BAFF25DF6A1B00C7396C /* MapView.Coordinator.swift */ = {isa = PBXFileReference; fileEncoding = 4; lastKnownFileType = sourcecode.swift; path = MapView.Coordinator.swift; sourceTree = "<group>"; };
		8483BB0025DF6A1B00C7396C /* MapView.swift */ = {isa = PBXFileReference; fileEncoding = 4; lastKnownFileType = sourcecode.swift; path = MapView.swift; sourceTree = "<group>"; };
		8483BB0625DF6A4B00C7396C /* Annotation.swift */ = {isa = PBXFileReference; fileEncoding = 4; lastKnownFileType = sourcecode.swift; path = Annotation.swift; sourceTree = "<group>"; };
		8483BB0C25DF6D9E00C7396C /* Tree+Coordinate.swift */ = {isa = PBXFileReference; lastKnownFileType = sourcecode.swift; path = "Tree+Coordinate.swift"; sourceTree = "<group>"; };
		8483BB1A25E00A8300C7396C /* AttributeRow.swift */ = {isa = PBXFileReference; lastKnownFileType = sourcecode.swift; path = AttributeRow.swift; sourceTree = "<group>"; };
		8483BB1E25E00BCA00C7396C /* DimensionView.swift */ = {isa = PBXFileReference; lastKnownFileType = sourcecode.swift; path = DimensionView.swift; sourceTree = "<group>"; };
		8483BB2425E00C2100C7396C /* Dimension.swift */ = {isa = PBXFileReference; lastKnownFileType = sourcecode.swift; path = Dimension.swift; sourceTree = "<group>"; };
		8483BB2825E00CBF00C7396C /* DimensionGroup.swift */ = {isa = PBXFileReference; lastKnownFileType = sourcecode.swift; path = DimensionGroup.swift; sourceTree = "<group>"; };
		8483BB2C25E0100000C7396C /* View+Preview.swift */ = {isa = PBXFileReference; lastKnownFileType = sourcecode.swift; path = "View+Preview.swift"; sourceTree = "<group>"; };
		8483BB3025E0114800C7396C /* SafariButton.swift */ = {isa = PBXFileReference; lastKnownFileType = sourcecode.swift; path = SafariButton.swift; sourceTree = "<group>"; };
		8483BB3325E012EB00C7396C /* URL+Example.swift */ = {isa = PBXFileReference; lastKnownFileType = sourcecode.swift; path = "URL+Example.swift"; sourceTree = "<group>"; };
		8483BB3725E0148700C7396C /* TreeLocationRow.swift */ = {isa = PBXFileReference; lastKnownFileType = sourcecode.swift; path = TreeLocationRow.swift; sourceTree = "<group>"; };
		8483BB3A25E014FE00C7396C /* ToggleVisitedTreeButton.swift */ = {isa = PBXFileReference; lastKnownFileType = sourcecode.swift; path = ToggleVisitedTreeButton.swift; sourceTree = "<group>"; };
		8483BB3F25E0185600C7396C /* TreeStore.swift */ = {isa = PBXFileReference; lastKnownFileType = sourcecode.swift; path = TreeStore.swift; sourceTree = "<group>"; };
		8483BB4425E01D9400C7396C /* OpenDataTree.swift */ = {isa = PBXFileReference; lastKnownFileType = sourcecode.swift; path = OpenDataTree.swift; sourceTree = "<group>"; };
		8483BB4725E01DBD00C7396C /* OpenDataTree+Tree.swift */ = {isa = PBXFileReference; lastKnownFileType = sourcecode.swift; path = "OpenDataTree+Tree.swift"; sourceTree = "<group>"; };
		8483BB5125E03E1A00C7396C /* VisitableTreeViewModel.swift */ = {isa = PBXFileReference; lastKnownFileType = sourcecode.swift; path = VisitableTreeViewModel.swift; sourceTree = "<group>"; };
		8495158225DB459D002E8DA0 /* PinAnnotationView.swift */ = {isa = PBXFileReference; lastKnownFileType = sourcecode.swift; path = PinAnnotationView.swift; sourceTree = "<group>"; };
		84A4479B25BDCF5400DEA3B9 /* LocationManager.swift */ = {isa = PBXFileReference; lastKnownFileType = sourcecode.swift; path = LocationManager.swift; sourceTree = "<group>"; };
		84BDFBD125BB5E9E00AAB247 /* SolidButton.swift */ = {isa = PBXFileReference; lastKnownFileType = sourcecode.swift; path = SolidButton.swift; sourceTree = "<group>"; };
/* End PBXFileReference section */

/* Begin PBXFrameworksBuildPhase section */
		841CB1F525B4FF3D00D0B283 /* Frameworks */ = {
			isa = PBXFrameworksBuildPhase;
			buildActionMask = 2147483647;
			files = (
			);
			runOnlyForDeploymentPostprocessing = 0;
		};
/* End PBXFrameworksBuildPhase section */

/* Begin PBXGroup section */
		841CB1EF25B4FF3D00D0B283 = {
			isa = PBXGroup;
			children = (
				841CB1FA25B4FF3D00D0B283 /* App */,
				841CB1F925B4FF3D00D0B283 /* Products */,
			);
			sourceTree = "<group>";
		};
		841CB1F925B4FF3D00D0B283 /* Products */ = {
			isa = PBXGroup;
			children = (
				841CB1F825B4FF3D00D0B283 /* Heritage Trees.app */,
			);
			name = Products;
			sourceTree = "<group>";
		};
		841CB1FA25B4FF3D00D0B283 /* App */ = {
			isa = PBXGroup;
			children = (
				8483BB0B25DF6D9600C7396C /* Extensions */,
				843B284825BB1C7100032BAA /* Appearance */,
				841CB23725B50ADB00D0B283 /* Models */,
				841CB20125B4FF3E00D0B283 /* Preview Content */,
				8483BB0525DF6A4100C7396C /* Protocols */,
				8495157F25DB3EC4002E8DA0 /* Resources */,
				841CB23525B50AD200D0B283 /* Services */,
				84BDFBD025BB5E9100AAB247 /* Styles */,
				8495158025DB3ECB002E8DA0 /* Supporting Files */,
				841CB23625B50AD800D0B283 /* View Models */,
				841CB23425B50AD000D0B283 /* Views */,
			);
			path = App;
			sourceTree = "<group>";
		};
		841CB20125B4FF3E00D0B283 /* Preview Content */ = {
			isa = PBXGroup;
			children = (
				841CB23825B50B7700D0B283 /* Trees.geojson */,
				841CB20225B4FF3E00D0B283 /* Preview Assets.xcassets */,
			);
			path = "Preview Content";
			sourceTree = "<group>";
		};
		841CB23425B50AD000D0B283 /* Views */ = {
			isa = PBXGroup;
			children = (
				841CB1FB25B4FF3D00D0B283 /* App.swift */,
				8483BB1A25E00A8300C7396C /* AttributeRow.swift */,
				8483BB2825E00CBF00C7396C /* DimensionGroup.swift */,
				8483BB1E25E00BCA00C7396C /* DimensionView.swift */,
				841CB21325B5054F00D0B283 /* HomeView.swift */,
				8483BB0025DF6A1B00C7396C /* MapView.swift */,
				8447ADE725B561610045D247 /* NameView.swift */,
				8495158225DB459D002E8DA0 /* PinAnnotationView.swift */,
				8483BB3025E0114800C7396C /* SafariButton.swift */,
				8447ADE425B560E80045D247 /* SafariView.swift */,
				8483BB3A25E014FE00C7396C /* ToggleVisitedTreeButton.swift */,
				841CB24925B51F8E00D0B283 /* TreeDetailView.swift */,
				8447ADDE25B557FC0045D247 /* TreeDimensionsView.swift */,
				841CB21825B5083E00D0B283 /* TreeListItem.swift */,
				843B283C25BA71A600032BAA /* TreeListView.swift */,
				8483BB3725E0148700C7396C /* TreeLocationRow.swift */,
				8447ADDA25B54C630045D247 /* TreeMapDetailView.swift */,
				8447ADF025B5E4EC0045D247 /* TreeMapView.swift */,
			);
			path = Views;
			sourceTree = "<group>";
		};
		841CB23525B50AD200D0B283 /* Services */ = {
			isa = PBXGroup;
			children = (
				841CB20C25B4FFB900D0B283 /* APIService.swift */,
				841CB22125B50A3500D0B283 /* APISession.swift */,
				841CB24125B51E3400D0B283 /* LocalSession.swift */,
				841CB22825B50A7E00D0B283 /* OpenDataService.swift */,
			);
			path = Services;
			sourceTree = "<group>";
		};
		841CB23625B50AD800D0B283 /* View Models */ = {
			isa = PBXGroup;
			children = (
				8447AE0025B63FCC0045D247 /* TreeAnnotation.swift */,
				841CB24E25B5205500D0B283 /* TreeViewModel.swift */,
				8483BB5125E03E1A00C7396C /* VisitableTreeViewModel.swift */,
			);
			path = "View Models";
			sourceTree = "<group>";
		};
		841CB23725B50ADB00D0B283 /* Models */ = {
			isa = PBXGroup;
			children = (
				841CB21E25B50A1D00D0B283 /* APIError.swift */,
				8447ADF325B5E5F10045D247 /* CLLocationCoordinate2DPortland.swift */,
				8483BB2425E00C2100C7396C /* Dimension.swift */,
				841CB23D25B51E0E00D0B283 /* Environment.swift */,
				84A4479B25BDCF5400DEA3B9 /* LocationManager.swift */,
				8483BAFF25DF6A1B00C7396C /* MapView.Coordinator.swift */,
				841CB22425B50A5000D0B283 /* OpenDataEndpoint.swift */,
				8483BB4425E01D9400C7396C /* OpenDataTree.swift */,
				843B284025BA827200032BAA /* Persistence.swift */,
				841CB21B25B50A1200D0B283 /* RequestBuilder.swift */,
				841CB22E25B50AA800D0B283 /* Tree.swift */,
				841CB22B25B50A9600D0B283 /* TreeListAPIResponse.swift */,
				8483BB3F25E0185600C7396C /* TreeStore.swift */,
				8447ADEB25B565610045D247 /* WikipediaURL.swift */,
			);
			path = Models;
			sourceTree = "<group>";
		};
		843B284825BB1C7100032BAA /* Appearance */ = {
			isa = PBXGroup;
			children = (
				843B284525BB1C5700032BAA /* ColorHelper.swift */,
			);
			path = Appearance;
			sourceTree = "<group>";
		};
		8483BB0525DF6A4100C7396C /* Protocols */ = {
			isa = PBXGroup;
			children = (
				8483BB0625DF6A4B00C7396C /* Annotation.swift */,
			);
			path = Protocols;
			sourceTree = "<group>";
		};
		8483BB0B25DF6D9600C7396C /* Extensions */ = {
			isa = PBXGroup;
			children = (
				8483BB4725E01DBD00C7396C /* OpenDataTree+Tree.swift */,
				8483BB0C25DF6D9E00C7396C /* Tree+Coordinate.swift */,
				8483BB3325E012EB00C7396C /* URL+Example.swift */,
				8483BB2C25E0100000C7396C /* View+Preview.swift */,
			);
			path = Extensions;
			sourceTree = "<group>";
		};
		8495157F25DB3EC4002E8DA0 /* Resources */ = {
			isa = PBXGroup;
			children = (
				841CB1FF25B4FF3E00D0B283 /* Assets.xcassets */,
			);
			path = Resources;
			sourceTree = "<group>";
		};
		8495158025DB3ECB002E8DA0 /* Supporting Files */ = {
			isa = PBXGroup;
			children = (
				841CB20425B4FF3E00D0B283 /* Info.plist */,
			);
			path = "Supporting Files";
			sourceTree = "<group>";
		};
		84BDFBD025BB5E9100AAB247 /* Styles */ = {
			isa = PBXGroup;
			children = (
				84BDFBD125BB5E9E00AAB247 /* SolidButton.swift */,
			);
			path = Styles;
			sourceTree = "<group>";
		};
/* End PBXGroup section */

/* Begin PBXNativeTarget section */
		841CB1F725B4FF3D00D0B283 /* App */ = {
			isa = PBXNativeTarget;
			buildConfigurationList = 841CB20725B4FF3E00D0B283 /* Build configuration list for PBXNativeTarget "App" */;
			buildPhases = (
				841CB1F425B4FF3D00D0B283 /* Sources */,
				841CB1F525B4FF3D00D0B283 /* Frameworks */,
				841CB1F625B4FF3D00D0B283 /* Resources */,
			);
			buildRules = (
			);
			dependencies = (
			);
			name = App;
			productName = "Portland Heritage Trees";
			productReference = 841CB1F825B4FF3D00D0B283 /* Heritage Trees.app */;
			productType = "com.apple.product-type.application";
		};
/* End PBXNativeTarget section */

/* Begin PBXProject section */
		841CB1F025B4FF3D00D0B283 /* Project object */ = {
			isa = PBXProject;
			attributes = {
				LastSwiftUpdateCheck = 1230;
				LastUpgradeCheck = 1230;
				TargetAttributes = {
					841CB1F725B4FF3D00D0B283 = {
						CreatedOnToolsVersion = 12.3;
					};
				};
			};
			buildConfigurationList = 841CB1F325B4FF3D00D0B283 /* Build configuration list for PBXProject "portland-heritage-trees" */;
			compatibilityVersion = "Xcode 9.3";
			developmentRegion = en;
			hasScannedForEncodings = 0;
			knownRegions = (
				en,
				Base,
			);
			mainGroup = 841CB1EF25B4FF3D00D0B283;
			productRefGroup = 841CB1F925B4FF3D00D0B283 /* Products */;
			projectDirPath = "";
			projectRoot = "";
			targets = (
				841CB1F725B4FF3D00D0B283 /* App */,
			);
		};
/* End PBXProject section */

/* Begin PBXResourcesBuildPhase section */
		841CB1F625B4FF3D00D0B283 /* Resources */ = {
			isa = PBXResourcesBuildPhase;
			buildActionMask = 2147483647;
			files = (
				841CB20325B4FF3E00D0B283 /* Preview Assets.xcassets in Resources */,
				841CB23B25B50D6C00D0B283 /* Trees.geojson in Resources */,
				841CB20025B4FF3E00D0B283 /* Assets.xcassets in Resources */,
			);
			runOnlyForDeploymentPostprocessing = 0;
		};
/* End PBXResourcesBuildPhase section */

/* Begin PBXSourcesBuildPhase section */
		841CB1F425B4FF3D00D0B283 /* Sources */ = {
			isa = PBXSourcesBuildPhase;
			buildActionMask = 2147483647;
			files = (
				8495158325DB459D002E8DA0 /* PinAnnotationView.swift in Sources */,
				841CB24F25B5205500D0B283 /* TreeViewModel.swift in Sources */,
				841CB22925B50A7E00D0B283 /* OpenDataService.swift in Sources */,
				84BDFBD225BB5E9E00AAB247 /* SolidButton.swift in Sources */,
				841CB23E25B51E0E00D0B283 /* Environment.swift in Sources */,
				8483BB2D25E0100000C7396C /* View+Preview.swift in Sources */,
				8483BB5225E03E1A00C7396C /* VisitableTreeViewModel.swift in Sources */,
				8483BB1B25E00A8300C7396C /* AttributeRow.swift in Sources */,
				8447ADDB25B54C630045D247 /* TreeMapDetailView.swift in Sources */,
				8483BB0225DF6A1B00C7396C /* MapView.swift in Sources */,
				84A4479C25BDCF5400DEA3B9 /* LocationManager.swift in Sources */,
				8447ADDF25B557FC0045D247 /* TreeDimensionsView.swift in Sources */,
				8447ADF125B5E4EC0045D247 /* TreeMapView.swift in Sources */,
				841CB22F25B50AA900D0B283 /* Tree.swift in Sources */,
				843B284625BB1C5700032BAA /* ColorHelper.swift in Sources */,
				841CB22525B50A5000D0B283 /* OpenDataEndpoint.swift in Sources */,
				8483BB4025E0185600C7396C /* TreeStore.swift in Sources */,
				841CB22225B50A3500D0B283 /* APISession.swift in Sources */,
				8483BB3125E0114800C7396C /* SafariButton.swift in Sources */,
				8447ADE825B561610045D247 /* NameView.swift in Sources */,
				841CB21425B5054F00D0B283 /* HomeView.swift in Sources */,
				8483BB4825E01DBD00C7396C /* OpenDataTree+Tree.swift in Sources */,
				841CB21925B5083E00D0B283 /* TreeListItem.swift in Sources */,
				8447ADE525B560E80045D247 /* SafariView.swift in Sources */,
				841CB22C25B50A9600D0B283 /* TreeListAPIResponse.swift in Sources */,
				843B284125BA827200032BAA /* Persistence.swift in Sources */,
				8483BB0D25DF6D9E00C7396C /* Tree+Coordinate.swift in Sources */,
				8447ADF425B5E5F10045D247 /* CLLocationCoordinate2DPortland.swift in Sources */,
				8483BB4525E01D9400C7396C /* OpenDataTree.swift in Sources */,
				8483BB1F25E00BCA00C7396C /* DimensionView.swift in Sources */,
				841CB21C25B50A1200D0B283 /* RequestBuilder.swift in Sources */,
				8447AE0125B63FCC0045D247 /* TreeAnnotation.swift in Sources */,
				8483BB3B25E014FE00C7396C /* ToggleVisitedTreeButton.swift in Sources */,
				841CB20D25B4FFB900D0B283 /* APIService.swift in Sources */,
				843B283D25BA71A600032BAA /* TreeListView.swift in Sources */,
				841CB1FC25B4FF3D00D0B283 /* App.swift in Sources */,
				841CB21F25B50A1D00D0B283 /* APIError.swift in Sources */,
				8483BB0125DF6A1B00C7396C /* MapView.Coordinator.swift in Sources */,
				8483BB2925E00CBF00C7396C /* DimensionGroup.swift in Sources */,
				8483BB3425E012EB00C7396C /* URL+Example.swift in Sources */,
				841CB24A25B51F8E00D0B283 /* TreeDetailView.swift in Sources */,
				8483BB2525E00C2100C7396C /* Dimension.swift in Sources */,
				8483BB3825E0148700C7396C /* TreeLocationRow.swift in Sources */,
				8447ADEC25B565610045D247 /* WikipediaURL.swift in Sources */,
				841CB24225B51E3400D0B283 /* LocalSession.swift in Sources */,
				8483BB0725DF6A4B00C7396C /* Annotation.swift in Sources */,
			);
			runOnlyForDeploymentPostprocessing = 0;
		};
/* End PBXSourcesBuildPhase section */

/* Begin XCBuildConfiguration section */
		841CB20525B4FF3E00D0B283 /* Debug */ = {
			isa = XCBuildConfiguration;
			buildSettings = {
				ALWAYS_SEARCH_USER_PATHS = NO;
				CLANG_ANALYZER_NONNULL = YES;
				CLANG_ANALYZER_NUMBER_OBJECT_CONVERSION = YES_AGGRESSIVE;
				CLANG_CXX_LANGUAGE_STANDARD = "gnu++14";
				CLANG_CXX_LIBRARY = "libc++";
				CLANG_ENABLE_MODULES = YES;
				CLANG_ENABLE_OBJC_ARC = YES;
				CLANG_ENABLE_OBJC_WEAK = YES;
				CLANG_WARN_BLOCK_CAPTURE_AUTORELEASING = YES;
				CLANG_WARN_BOOL_CONVERSION = YES;
				CLANG_WARN_COMMA = YES;
				CLANG_WARN_CONSTANT_CONVERSION = YES;
				CLANG_WARN_DEPRECATED_OBJC_IMPLEMENTATIONS = YES;
				CLANG_WARN_DIRECT_OBJC_ISA_USAGE = YES_ERROR;
				CLANG_WARN_DOCUMENTATION_COMMENTS = YES;
				CLANG_WARN_EMPTY_BODY = YES;
				CLANG_WARN_ENUM_CONVERSION = YES;
				CLANG_WARN_INFINITE_RECURSION = YES;
				CLANG_WARN_INT_CONVERSION = YES;
				CLANG_WARN_NON_LITERAL_NULL_CONVERSION = YES;
				CLANG_WARN_OBJC_IMPLICIT_RETAIN_SELF = YES;
				CLANG_WARN_OBJC_LITERAL_CONVERSION = YES;
				CLANG_WARN_OBJC_ROOT_CLASS = YES_ERROR;
				CLANG_WARN_QUOTED_INCLUDE_IN_FRAMEWORK_HEADER = YES;
				CLANG_WARN_RANGE_LOOP_ANALYSIS = YES;
				CLANG_WARN_STRICT_PROTOTYPES = YES;
				CLANG_WARN_SUSPICIOUS_MOVE = YES;
				CLANG_WARN_UNGUARDED_AVAILABILITY = YES_AGGRESSIVE;
				CLANG_WARN_UNREACHABLE_CODE = YES;
				CLANG_WARN__DUPLICATE_METHOD_MATCH = YES;
				COPY_PHASE_STRIP = NO;
				DEBUG_INFORMATION_FORMAT = dwarf;
				ENABLE_STRICT_OBJC_MSGSEND = YES;
				ENABLE_TESTABILITY = YES;
				GCC_C_LANGUAGE_STANDARD = gnu11;
				GCC_DYNAMIC_NO_PIC = NO;
				GCC_NO_COMMON_BLOCKS = YES;
				GCC_OPTIMIZATION_LEVEL = 0;
				GCC_PREPROCESSOR_DEFINITIONS = (
					"DEBUG=1",
					"$(inherited)",
				);
				GCC_WARN_64_TO_32_BIT_CONVERSION = YES;
				GCC_WARN_ABOUT_RETURN_TYPE = YES_ERROR;
				GCC_WARN_UNDECLARED_SELECTOR = YES;
				GCC_WARN_UNINITIALIZED_AUTOS = YES_AGGRESSIVE;
				GCC_WARN_UNUSED_FUNCTION = YES;
				GCC_WARN_UNUSED_VARIABLE = YES;
				IPHONEOS_DEPLOYMENT_TARGET = 14.3;
				MTL_ENABLE_DEBUG_INFO = INCLUDE_SOURCE;
				MTL_FAST_MATH = YES;
				ONLY_ACTIVE_ARCH = YES;
				SDKROOT = iphoneos;
				SWIFT_ACTIVE_COMPILATION_CONDITIONS = DEBUG;
				SWIFT_OPTIMIZATION_LEVEL = "-Onone";
			};
			name = Debug;
		};
		841CB20625B4FF3E00D0B283 /* Release */ = {
			isa = XCBuildConfiguration;
			buildSettings = {
				ALWAYS_SEARCH_USER_PATHS = NO;
				CLANG_ANALYZER_NONNULL = YES;
				CLANG_ANALYZER_NUMBER_OBJECT_CONVERSION = YES_AGGRESSIVE;
				CLANG_CXX_LANGUAGE_STANDARD = "gnu++14";
				CLANG_CXX_LIBRARY = "libc++";
				CLANG_ENABLE_MODULES = YES;
				CLANG_ENABLE_OBJC_ARC = YES;
				CLANG_ENABLE_OBJC_WEAK = YES;
				CLANG_WARN_BLOCK_CAPTURE_AUTORELEASING = YES;
				CLANG_WARN_BOOL_CONVERSION = YES;
				CLANG_WARN_COMMA = YES;
				CLANG_WARN_CONSTANT_CONVERSION = YES;
				CLANG_WARN_DEPRECATED_OBJC_IMPLEMENTATIONS = YES;
				CLANG_WARN_DIRECT_OBJC_ISA_USAGE = YES_ERROR;
				CLANG_WARN_DOCUMENTATION_COMMENTS = YES;
				CLANG_WARN_EMPTY_BODY = YES;
				CLANG_WARN_ENUM_CONVERSION = YES;
				CLANG_WARN_INFINITE_RECURSION = YES;
				CLANG_WARN_INT_CONVERSION = YES;
				CLANG_WARN_NON_LITERAL_NULL_CONVERSION = YES;
				CLANG_WARN_OBJC_IMPLICIT_RETAIN_SELF = YES;
				CLANG_WARN_OBJC_LITERAL_CONVERSION = YES;
				CLANG_WARN_OBJC_ROOT_CLASS = YES_ERROR;
				CLANG_WARN_QUOTED_INCLUDE_IN_FRAMEWORK_HEADER = YES;
				CLANG_WARN_RANGE_LOOP_ANALYSIS = YES;
				CLANG_WARN_STRICT_PROTOTYPES = YES;
				CLANG_WARN_SUSPICIOUS_MOVE = YES;
				CLANG_WARN_UNGUARDED_AVAILABILITY = YES_AGGRESSIVE;
				CLANG_WARN_UNREACHABLE_CODE = YES;
				CLANG_WARN__DUPLICATE_METHOD_MATCH = YES;
				COPY_PHASE_STRIP = NO;
				DEBUG_INFORMATION_FORMAT = "dwarf-with-dsym";
				ENABLE_NS_ASSERTIONS = NO;
				ENABLE_STRICT_OBJC_MSGSEND = YES;
				GCC_C_LANGUAGE_STANDARD = gnu11;
				GCC_NO_COMMON_BLOCKS = YES;
				GCC_WARN_64_TO_32_BIT_CONVERSION = YES;
				GCC_WARN_ABOUT_RETURN_TYPE = YES_ERROR;
				GCC_WARN_UNDECLARED_SELECTOR = YES;
				GCC_WARN_UNINITIALIZED_AUTOS = YES_AGGRESSIVE;
				GCC_WARN_UNUSED_FUNCTION = YES;
				GCC_WARN_UNUSED_VARIABLE = YES;
				IPHONEOS_DEPLOYMENT_TARGET = 14.3;
				MTL_ENABLE_DEBUG_INFO = NO;
				MTL_FAST_MATH = YES;
				SDKROOT = iphoneos;
				SWIFT_COMPILATION_MODE = wholemodule;
				SWIFT_OPTIMIZATION_LEVEL = "-O";
				VALIDATE_PRODUCT = YES;
			};
			name = Release;
		};
		841CB20825B4FF3E00D0B283 /* Debug */ = {
			isa = XCBuildConfiguration;
			buildSettings = {
				ASSETCATALOG_COMPILER_APPICON_NAME = AppIcon;
				ASSETCATALOG_COMPILER_GLOBAL_ACCENT_COLOR_NAME = AccentColor;
				CODE_SIGN_STYLE = Automatic;
				DEVELOPMENT_ASSET_PATHS = "\"App/Preview Content\"";
				DEVELOPMENT_TEAM = 6JS2VP4ATY;
				ENABLE_PREVIEWS = YES;
				INFOPLIST_FILE = "App/Supporting Files/Info.plist";
				IPHONEOS_DEPLOYMENT_TARGET = 14.0;
				LD_RUNPATH_SEARCH_PATHS = (
					"$(inherited)",
					"@executable_path/Frameworks",
				);
				PRODUCT_BUNDLE_IDENTIFIER = "com.masilotti.portland-heritage-trees";
				PRODUCT_NAME = "Heritage Trees";
				SWIFT_VERSION = 5.0;
				TARGETED_DEVICE_FAMILY = 1;
			};
			name = Debug;
		};
		841CB20925B4FF3E00D0B283 /* Release */ = {
			isa = XCBuildConfiguration;
			buildSettings = {
				ASSETCATALOG_COMPILER_APPICON_NAME = AppIcon;
				ASSETCATALOG_COMPILER_GLOBAL_ACCENT_COLOR_NAME = AccentColor;
				CODE_SIGN_IDENTITY = "iPhone Distribution";
				CODE_SIGN_STYLE = Manual;
				DEVELOPMENT_ASSET_PATHS = "\"App/Preview Content\"";
				DEVELOPMENT_TEAM = 6JS2VP4ATY;
				ENABLE_PREVIEWS = YES;
				INFOPLIST_FILE = "App/Supporting Files/Info.plist";
				IPHONEOS_DEPLOYMENT_TARGET = 14.0;
				LD_RUNPATH_SEARCH_PATHS = (
					"$(inherited)",
					"@executable_path/Frameworks",
				);
				PRODUCT_BUNDLE_IDENTIFIER = "com.masilotti.portland-heritage-trees";
				PRODUCT_NAME = "Heritage Trees";
				PROVISIONING_PROFILE_SPECIFIER = "match AppStore com.masilotti.portland-heritage-trees";
				SWIFT_VERSION = 5.0;
				TARGETED_DEVICE_FAMILY = 1;
			};
			name = Release;
		};
/* End XCBuildConfiguration section */

/* Begin XCConfigurationList section */
		841CB1F325B4FF3D00D0B283 /* Build configuration list for PBXProject "portland-heritage-trees" */ = {
			isa = XCConfigurationList;
			buildConfigurations = (
				841CB20525B4FF3E00D0B283 /* Debug */,
				841CB20625B4FF3E00D0B283 /* Release */,
			);
			defaultConfigurationIsVisible = 0;
			defaultConfigurationName = Release;
		};
		841CB20725B4FF3E00D0B283 /* Build configuration list for PBXNativeTarget "App" */ = {
			isa = XCConfigurationList;
			buildConfigurations = (
				841CB20825B4FF3E00D0B283 /* Debug */,
				841CB20925B4FF3E00D0B283 /* Release */,
			);
			defaultConfigurationIsVisible = 0;
			defaultConfigurationName = Release;
		};
/* End XCConfigurationList section */
	};
	rootObject = 841CB1F025B4FF3D00D0B283 /* Project object */;
}
